
Microsoft Visual Studio Solution File, Format Version 12.00
# Visual Studio 15
Project("{FAE04EC0-301F-11D3-BF4B-00C04F79EFBC}") = "CoinViewTiki.Android", "CoinViewTiki.Android\CoinViewTiki.Android.csproj", "{6F89A1D8-B76B-4AD5-89E6-82AE3FB27499}"
EndProject
Project("{FAE04EC0-301F-11D3-BF4B-00C04F79EFBC}") = "CoinViewTiki.iOS", "CoinViewTiki.iOS\CoinViewTiki.iOS.csproj", "{2503A214-7702-420D-B251-2F9ECCF33868}"
EndProject
Project("{FAE04EC0-301F-11D3-BF4B-00C04F79EFBC}") = "CoinViewTiki", "CoinViewTiki\CoinViewTiki.csproj", "{51A25264-7B24-45FC-B693-70B7FE676C8D}"
EndProject
Global
	GlobalSection(SolutionConfigurationPlatforms) = preSolution
		Debug|Any CPU = Debug|Any CPU
		Release|Any CPU = Release|Any CPU
		Debug|iPhoneSimulator = Debug|iPhoneSimulator
		Release|iPhoneSimulator = Release|iPhoneSimulator
		Debug|iPhone = Debug|iPhone
		Release|iPhone = Release|iPhone
	EndGlobalSection
	GlobalSection(ProjectConfigurationPlatforms) = postSolution
		{6F89A1D8-B76B-4AD5-89E6-82AE3FB27499}.Debug|Any CPU.ActiveCfg = Debug|Any CPU
		{6F89A1D8-B76B-4AD5-89E6-82AE3FB27499}.Debug|Any CPU.Build.0 = Debug|Any CPU
		{6F89A1D8-B76B-4AD5-89E6-82AE3FB27499}.Release|Any CPU.ActiveCfg = Release|Any CPU
		{6F89A1D8-B76B-4AD5-89E6-82AE3FB27499}.Release|Any CPU.Build.0 = Release|Any CPU
		{6F89A1D8-B76B-4AD5-89E6-82AE3FB27499}.Debug|iPhoneSimulator.ActiveCfg = Debug|Any CPU
		{6F89A1D8-B76B-4AD5-89E6-82AE3FB27499}.Debug|iPhoneSimulator.Build.0 = Debug|Any CPU
		{6F89A1D8-B76B-4AD5-89E6-82AE3FB27499}.Release|iPhoneSimulator.ActiveCfg = Release|Any CPU
		{6F89A1D8-B76B-4AD5-89E6-82AE3FB27499}.Release|iPhoneSimulator.Build.0 = Release|Any CPU
		{6F89A1D8-B76B-4AD5-89E6-82AE3FB27499}.Debug|iPhone.ActiveCfg = Debug|Any CPU
		{6F89A1D8-B76B-4AD5-89E6-82AE3FB27499}.Debug|iPhone.Build.0 = Debug|Any CPU
		{6F89A1D8-B76B-4AD5-89E6-82AE3FB27499}.Release|iPhone.ActiveCfg = Release|Any CPU
		{6F89A1D8-B76B-4AD5-89E6-82AE3FB27499}.Release|iPhone.Build.0 = Release|Any CPU
		{2503A214-7702-420D-B251-2F9ECCF33868}.Debug|Any CPU.ActiveCfg = Debug|iPhoneSimulator
		{2503A214-7702-420D-B251-2F9ECCF33868}.Debug|Any CPU.Build.0 = Debug|iPhoneSimulator
		{2503A214-7702-420D-B251-2F9ECCF33868}.Release|Any CPU.ActiveCfg = Release|iPhoneSimulator
		{2503A214-7702-420D-B251-2F9ECCF33868}.Release|Any CPU.Build.0 = Release|iPhoneSimulator
		{2503A214-7702-420D-B251-2F9ECCF33868}.Debug|iPhoneSimulator.ActiveCfg = Debug|iPhoneSimulator
		{2503A214-7702-420D-B251-2F9ECCF33868}.Debug|iPhoneSimulator.Build.0 = Debug|iPhoneSimulator
		{2503A214-7702-420D-B251-2F9ECCF33868}.Release|iPhoneSimulator.ActiveCfg = Release|iPhoneSimulator
		{2503A214-7702-420D-B251-2F9ECCF33868}.Release|iPhoneSimulator.Build.0 = Release|iPhoneSimulator
		{2503A214-7702-420D-B251-2F9ECCF33868}.Debug|iPhone.ActiveCfg = Debug|iPhone
		{2503A214-7702-420D-B251-2F9ECCF33868}.Debug|iPhone.Build.0 = Debug|iPhone
		{2503A214-7702-420D-B251-2F9ECCF33868}.Release|iPhone.ActiveCfg = Release|iPhone
		{2503A214-7702-420D-B251-2F9ECCF33868}.Release|iPhone.Build.0 = Release|iPhone
		{51A25264-7B24-45FC-B693-70B7FE676C8D}.Debug|Any CPU.ActiveCfg = Debug|Any CPU
		{51A25264-7B24-45FC-B693-70B7FE676C8D}.Debug|Any CPU.Build.0 = Debug|Any CPU
		{51A25264-7B24-45FC-B693-70B7FE676C8D}.Release|Any CPU.ActiveCfg = Release|Any CPU
		{51A25264-7B24-45FC-B693-70B7FE676C8D}.Release|Any CPU.Build.0 = Release|Any CPU
		{51A25264-7B24-45FC-B693-70B7FE676C8D}.Debug|iPhoneSimulator.ActiveCfg = Debug|Any CPU
		{51A25264-7B24-45FC-B693-70B7FE676C8D}.Debug|iPhoneSimulator.Build.0 = Debug|Any CPU
		{51A25264-7B24-45FC-B693-70B7FE676C8D}.Release|iPhoneSimulator.ActiveCfg = Release|Any CPU
		{51A25264-7B24-45FC-B693-70B7FE676C8D}.Release|iPhoneSimulator.Build.0 = Release|Any CPU
		{51A25264-7B24-45FC-B693-70B7FE676C8D}.Debug|iPhone.ActiveCfg = Debug|Any CPU
		{51A25264-7B24-45FC-B693-70B7FE676C8D}.Debug|iPhone.Build.0 = Debug|Any CPU
		{51A25264-7B24-45FC-B693-70B7FE676C8D}.Release|iPhone.ActiveCfg = Release|Any CPU
		{51A25264-7B24-45FC-B693-70B7FE676C8D}.Release|iPhone.Build.0 = Release|Any CPU
	EndGlobalSection
EndGlobal
